
Microsoft Visual Studio Solution File, Format Version 12.00
# Visual Studio Version 16
VisualStudioVersion = 16.0.30330.147
MinimumVisualStudioVersion = 10.0.40219.1
Project("{FAE04EC0-301F-11D3-BF4B-00C04F79EFBC}") = "ecoBack", "ecoBack\ecoBack.csproj", "{D653F1C9-1C63-4511-A634-4E07285F3632}"
EndProject
Global
	GlobalSection(SolutionConfigurationPlatforms) = preSolution
		Debug|Any CPU = Debug|Any CPU
		Release|Any CPU = Release|Any CPU
	EndGlobalSection
	GlobalSection(ProjectConfigurationPlatforms) = postSolution
		{D653F1C9-1C63-4511-A634-4E07285F3632}.Debug|Any CPU.ActiveCfg = Debug|Any CPU
		{D653F1C9-1C63-4511-A634-4E07285F3632}.Debug|Any CPU.Build.0 = Debug|Any CPU
		{D653F1C9-1C63-4511-A634-4E07285F3632}.Release|Any CPU.ActiveCfg = Release|Any CPU
		{D653F1C9-1C63-4511-A634-4E07285F3632}.Release|Any CPU.Build.0 = Release|Any CPU
	EndGlobalSection
	GlobalSection(SolutionProperties) = preSolution
		HideSolutionNode = FALSE
	EndGlobalSection
	GlobalSection(ExtensibilityGlobals) = postSolution
		SolutionGuid = {E752F17F-14E9-49DB-B445-A2D71E96D22E}
	EndGlobalSection
EndGlobal
